
Microsoft Visual Studio Solution File, Format Version 12.00
# Visual Studio Version 16
VisualStudioVersion = 16.0.30503.244
MinimumVisualStudioVersion = 10.0.40219.1
Project("{FAE04EC0-301F-11D3-BF4B-00C04F79EFBC}") = "MessengerAppClient", "MessengerAppClient\MessengerAppClient.csproj", "{4032DB58-834D-47BD-B0A8-DC4B9090EC2C}"
EndProject
Global
	GlobalSection(SolutionConfigurationPlatforms) = preSolution
		Debug|Any CPU = Debug|Any CPU
		Release|Any CPU = Release|Any CPU
	EndGlobalSection
	GlobalSection(ProjectConfigurationPlatforms) = postSolution
		{4032DB58-834D-47BD-B0A8-DC4B9090EC2C}.Debug|Any CPU.ActiveCfg = Debug|Any CPU
		{4032DB58-834D-47BD-B0A8-DC4B9090EC2C}.Debug|Any CPU.Build.0 = Debug|Any CPU
		{4032DB58-834D-47BD-B0A8-DC4B9090EC2C}.Release|Any CPU.ActiveCfg = Release|Any CPU
		{4032DB58-834D-47BD-B0A8-DC4B9090EC2C}.Release|Any CPU.Build.0 = Release|Any CPU
	EndGlobalSection
	GlobalSection(SolutionProperties) = preSolution
		HideSolutionNode = FALSE
	EndGlobalSection
	GlobalSection(ExtensibilityGlobals) = postSolution
		SolutionGuid = {62AF1D0D-5F30-4241-AED7-00CD2135B2A2}
	EndGlobalSection
EndGlobal
